
Microsoft Visual Studio Solution File, Format Version 12.00
# Visual Studio 15
VisualStudioVersion = 15.0.26403.3
MinimumVisualStudioVersion = 10.0.40219.1
Project("{8BC9CEB8-8B4A-11D0-8D11-00A0C91BC942}") = "Launcher", "Launcher\Launcher.vcxproj", "{78849048-E1D7-4E78-8B9F-14BF5A26BABF}"
EndProject
Project("{8BC9CEB8-8B4A-11D0-8D11-00A0C91BC942}") = "KeyboardHook", "KeyboardHook\KeyboardHook.vcxproj", "{4B062404-C7A0-4B56-92B9-4132255AB336}"
EndProject
Global
	GlobalSection(SolutionConfigurationPlatforms) = preSolution
		Debug|x64 = Debug|x64
		Debug|x86 = Debug|x86
		Release|x64 = Release|x64
		Release|x86 = Release|x86
	EndGlobalSection
	GlobalSection(ProjectConfigurationPlatforms) = postSolution
		{78849048-E1D7-4E78-8B9F-14BF5A26BABF}.Debug|x64.ActiveCfg = Debug|x64
		{78849048-E1D7-4E78-8B9F-14BF5A26BABF}.Debug|x64.Build.0 = Debug|x64
		{78849048-E1D7-4E78-8B9F-14BF5A26BABF}.Debug|x86.ActiveCfg = Debug|Win32
		{78849048-E1D7-4E78-8B9F-14BF5A26BABF}.Debug|x86.Build.0 = Debug|Win32
		{78849048-E1D7-4E78-8B9F-14BF5A26BABF}.Release|x64.ActiveCfg = Release|x64
		{78849048-E1D7-4E78-8B9F-14BF5A26BABF}.Release|x64.Build.0 = Release|x64
		{78849048-E1D7-4E78-8B9F-14BF5A26BABF}.Release|x86.ActiveCfg = Release|Win32
		{78849048-E1D7-4E78-8B9F-14BF5A26BABF}.Release|x86.Build.0 = Release|Win32
		{4B062404-C7A0-4B56-92B9-4132255AB336}.Debug|x64.ActiveCfg = Debug|x64
		{4B062404-C7A0-4B56-92B9-4132255AB336}.Debug|x64.Build.0 = Debug|x64
		{4B062404-C7A0-4B56-92B9-4132255AB336}.Debug|x86.ActiveCfg = Debug|Win32
		{4B062404-C7A0-4B56-92B9-4132255AB336}.Debug|x86.Build.0 = Debug|Win32
		{4B062404-C7A0-4B56-92B9-4132255AB336}.Release|x64.ActiveCfg = Release|x64
		{4B062404-C7A0-4B56-92B9-4132255AB336}.Release|x64.Build.0 = Release|x64
		{4B062404-C7A0-4B56-92B9-4132255AB336}.Release|x86.ActiveCfg = Release|Win32
		{4B062404-C7A0-4B56-92B9-4132255AB336}.Release|x86.Build.0 = Release|Win32
	EndGlobalSection
	GlobalSection(SolutionProperties) = preSolution
		HideSolutionNode = FALSE
	EndGlobalSection
EndGlobal
