
Microsoft Visual Studio Solution File, Format Version 12.00
# Visual Studio 15
VisualStudioVersion = 15.0.27703.2000
MinimumVisualStudioVersion = 10.0.40219.1
Project("{8BC9CEB8-8B4A-11D0-8D11-00A0C91BC942}") = "User1", "User1\User1.vcxproj", "{F0D3952F-B24C-4C43-AB85-B4BE79836E40}"
	ProjectSection(ProjectDependencies) = postProject
		{B56B3DB2-38BA-4F7E-8690-4F0DAB712C6C} = {B56B3DB2-38BA-4F7E-8690-4F0DAB712C6C}
	EndProjectSection
EndProject
Project("{8BC9CEB8-8B4A-11D0-8D11-00A0C91BC942}") = "User2", "User2\User2.vcxproj", "{B56B3DB2-38BA-4F7E-8690-4F0DAB712C6C}"
EndProject
Global
	GlobalSection(SolutionConfigurationPlatforms) = preSolution
		Debug|x64 = Debug|x64
		Debug|x86 = Debug|x86
		Release|x64 = Release|x64
		Release|x86 = Release|x86
	EndGlobalSection
	GlobalSection(ProjectConfigurationPlatforms) = postSolution
		{F0D3952F-B24C-4C43-AB85-B4BE79836E40}.Debug|x64.ActiveCfg = Debug|x64
		{F0D3952F-B24C-4C43-AB85-B4BE79836E40}.Debug|x64.Build.0 = Debug|x64
		{F0D3952F-B24C-4C43-AB85-B4BE79836E40}.Debug|x86.ActiveCfg = Debug|Win32
		{F0D3952F-B24C-4C43-AB85-B4BE79836E40}.Debug|x86.Build.0 = Debug|Win32
		{F0D3952F-B24C-4C43-AB85-B4BE79836E40}.Release|x64.ActiveCfg = Release|x64
		{F0D3952F-B24C-4C43-AB85-B4BE79836E40}.Release|x64.Build.0 = Release|x64
		{F0D3952F-B24C-4C43-AB85-B4BE79836E40}.Release|x86.ActiveCfg = Release|Win32
		{F0D3952F-B24C-4C43-AB85-B4BE79836E40}.Release|x86.Build.0 = Release|Win32
		{B56B3DB2-38BA-4F7E-8690-4F0DAB712C6C}.Debug|x64.ActiveCfg = Debug|x64
		{B56B3DB2-38BA-4F7E-8690-4F0DAB712C6C}.Debug|x64.Build.0 = Debug|x64
		{B56B3DB2-38BA-4F7E-8690-4F0DAB712C6C}.Debug|x86.ActiveCfg = Debug|Win32
		{B56B3DB2-38BA-4F7E-8690-4F0DAB712C6C}.Debug|x86.Build.0 = Debug|Win32
		{B56B3DB2-38BA-4F7E-8690-4F0DAB712C6C}.Release|x64.ActiveCfg = Release|x64
		{B56B3DB2-38BA-4F7E-8690-4F0DAB712C6C}.Release|x64.Build.0 = Release|x64
		{B56B3DB2-38BA-4F7E-8690-4F0DAB712C6C}.Release|x86.ActiveCfg = Release|Win32
		{B56B3DB2-38BA-4F7E-8690-4F0DAB712C6C}.Release|x86.Build.0 = Release|Win32
	EndGlobalSection
	GlobalSection(SolutionProperties) = preSolution
		HideSolutionNode = FALSE
	EndGlobalSection
	GlobalSection(ExtensibilityGlobals) = postSolution
		SolutionGuid = {05752EE3-BE90-47BB-96DC-7F91C43EDB2B}
	EndGlobalSection
EndGlobal
